
Microsoft Visual Studio Solution File, Format Version 12.00
# Visual Studio Version 17
VisualStudioVersion = 17.7.34202.233
MinimumVisualStudioVersion = 10.0.40219.1
Project("{8BC9CEB8-8B4A-11D0-8D11-00A0C91BC942}") = "prak.10.variant", "prak.10.variant\prak.10.variant.vcxproj", "{594A8BBD-7363-46E3-B3D9-53C8FFF0507D}"
EndProject
Global
	GlobalSection(SolutionConfigurationPlatforms) = preSolution
		Debug|x64 = Debug|x64
		Debug|x86 = Debug|x86
		Release|x64 = Release|x64
		Release|x86 = Release|x86
	EndGlobalSection
	GlobalSection(ProjectConfigurationPlatforms) = postSolution
		{594A8BBD-7363-46E3-B3D9-53C8FFF0507D}.Debug|x64.ActiveCfg = Debug|x64
		{594A8BBD-7363-46E3-B3D9-53C8FFF0507D}.Debug|x64.Build.0 = Debug|x64
		{594A8BBD-7363-46E3-B3D9-53C8FFF0507D}.Debug|x86.ActiveCfg = Debug|Win32
		{594A8BBD-7363-46E3-B3D9-53C8FFF0507D}.Debug|x86.Build.0 = Debug|Win32
		{594A8BBD-7363-46E3-B3D9-53C8FFF0507D}.Release|x64.ActiveCfg = Release|x64
		{594A8BBD-7363-46E3-B3D9-53C8FFF0507D}.Release|x64.Build.0 = Release|x64
		{594A8BBD-7363-46E3-B3D9-53C8FFF0507D}.Release|x86.ActiveCfg = Release|Win32
		{594A8BBD-7363-46E3-B3D9-53C8FFF0507D}.Release|x86.Build.0 = Release|Win32
	EndGlobalSection
	GlobalSection(SolutionProperties) = preSolution
		HideSolutionNode = FALSE
	EndGlobalSection
	GlobalSection(ExtensibilityGlobals) = postSolution
		SolutionGuid = {066C21A0-3832-45DC-A8B5-0D8A44E4C4C5}
	EndGlobalSection
EndGlobal
